
Microsoft Visual Studio Solution File, Format Version 12.00
# Visual Studio Version 16
VisualStudioVersion = 16.0.31005.135
MinimumVisualStudioVersion = 10.0.40219.1
Project("{FAE04EC0-301F-11D3-BF4B-00C04F79EFBC}") = "Paskaita12uzduotis2", "Paskaita12uzduotis2.csproj", "{0310F085-1CA8-4307-9D0B-8D1D3C225A7C}"
EndProject
Global
	GlobalSection(SolutionConfigurationPlatforms) = preSolution
		Debug|Any CPU = Debug|Any CPU
		Release|Any CPU = Release|Any CPU
	EndGlobalSection
	GlobalSection(ProjectConfigurationPlatforms) = postSolution
		{0310F085-1CA8-4307-9D0B-8D1D3C225A7C}.Debug|Any CPU.ActiveCfg = Debug|Any CPU
		{0310F085-1CA8-4307-9D0B-8D1D3C225A7C}.Debug|Any CPU.Build.0 = Debug|Any CPU
		{0310F085-1CA8-4307-9D0B-8D1D3C225A7C}.Release|Any CPU.ActiveCfg = Release|Any CPU
		{0310F085-1CA8-4307-9D0B-8D1D3C225A7C}.Release|Any CPU.Build.0 = Release|Any CPU
	EndGlobalSection
	GlobalSection(SolutionProperties) = preSolution
		HideSolutionNode = FALSE
	EndGlobalSection
	GlobalSection(ExtensibilityGlobals) = postSolution
		SolutionGuid = {9DECB502-566B-4A1F-8A21-C713019DE759}
	EndGlobalSection
EndGlobal
